
Microsoft Visual Studio Solution File, Format Version 12.00
# Visual Studio Version 17
VisualStudioVersion = 17.1.32210.238
MinimumVisualStudioVersion = 10.0.40219.1
Project("{9A19103F-16F7-4668-BE54-9A1E7A4F7556}") = "Renda_Interview_API_To_ReturnSimpleResult", "Renda_Interview_API_To_ReturnSimpleResult\Renda_Interview_API_To_ReturnSimpleResult.csproj", "{26B9140B-AD06-4656-86B4-51FAFF92D878}"
EndProject
Global
	GlobalSection(SolutionConfigurationPlatforms) = preSolution
		Debug|Any CPU = Debug|Any CPU
		Release|Any CPU = Release|Any CPU
	EndGlobalSection
	GlobalSection(ProjectConfigurationPlatforms) = postSolution
		{26B9140B-AD06-4656-86B4-51FAFF92D878}.Debug|Any CPU.ActiveCfg = Debug|Any CPU
		{26B9140B-AD06-4656-86B4-51FAFF92D878}.Debug|Any CPU.Build.0 = Debug|Any CPU
		{26B9140B-AD06-4656-86B4-51FAFF92D878}.Release|Any CPU.ActiveCfg = Release|Any CPU
		{26B9140B-AD06-4656-86B4-51FAFF92D878}.Release|Any CPU.Build.0 = Release|Any CPU
	EndGlobalSection
	GlobalSection(SolutionProperties) = preSolution
		HideSolutionNode = FALSE
	EndGlobalSection
	GlobalSection(ExtensibilityGlobals) = postSolution
		SolutionGuid = {7A84907F-3ECD-45BA-8248-D87B05E44CA6}
	EndGlobalSection
EndGlobal
